
Microsoft Visual Studio Solution File, Format Version 12.00
# Visual Studio Version 16
VisualStudioVersion = 16.0.30413.136
MinimumVisualStudioVersion = 10.0.40219.1
Project("{FAE04EC0-301F-11D3-BF4B-00C04F79EFBC}") = "SDL2Sharp", "SDL2Sharp\SDL2Sharp.csproj", "{BA4328B8-03AA-4F30-92CD-7D3E64BF9F8D}"
EndProject
Project("{2150E333-8FDC-42A3-9474-1A3956D46DE8}") = "Solution Items", "Solution Items", "{EC062493-1491-4ACB-A968-10BFDAD8469E}"
	ProjectSection(SolutionItems) = preProject
		.gitignore = .gitignore
	EndProjectSection
EndProject
Project("{FAE04EC0-301F-11D3-BF4B-00C04F79EFBC}") = "Tetris", "Tetris\Tetris.csproj", "{76E7F001-F26D-46E2-8B3B-889168131922}"
EndProject
Global
	GlobalSection(SolutionConfigurationPlatforms) = preSolution
		Debug|Any CPU = Debug|Any CPU
		Debug|x64 = Debug|x64
		Debug|x86 = Debug|x86
		Release|Any CPU = Release|Any CPU
		Release|x64 = Release|x64
		Release|x86 = Release|x86
	EndGlobalSection
	GlobalSection(ProjectConfigurationPlatforms) = postSolution
		{BA4328B8-03AA-4F30-92CD-7D3E64BF9F8D}.Debug|Any CPU.ActiveCfg = Debug|Any CPU
		{BA4328B8-03AA-4F30-92CD-7D3E64BF9F8D}.Debug|Any CPU.Build.0 = Debug|Any CPU
		{BA4328B8-03AA-4F30-92CD-7D3E64BF9F8D}.Debug|x64.ActiveCfg = Debug|Any CPU
		{BA4328B8-03AA-4F30-92CD-7D3E64BF9F8D}.Debug|x64.Build.0 = Debug|Any CPU
		{BA4328B8-03AA-4F30-92CD-7D3E64BF9F8D}.Debug|x86.ActiveCfg = Debug|Any CPU
		{BA4328B8-03AA-4F30-92CD-7D3E64BF9F8D}.Debug|x86.Build.0 = Debug|Any CPU
		{BA4328B8-03AA-4F30-92CD-7D3E64BF9F8D}.Release|Any CPU.ActiveCfg = Release|Any CPU
		{BA4328B8-03AA-4F30-92CD-7D3E64BF9F8D}.Release|Any CPU.Build.0 = Release|Any CPU
		{BA4328B8-03AA-4F30-92CD-7D3E64BF9F8D}.Release|x64.ActiveCfg = Release|Any CPU
		{BA4328B8-03AA-4F30-92CD-7D3E64BF9F8D}.Release|x64.Build.0 = Release|Any CPU
		{BA4328B8-03AA-4F30-92CD-7D3E64BF9F8D}.Release|x86.ActiveCfg = Release|Any CPU
		{BA4328B8-03AA-4F30-92CD-7D3E64BF9F8D}.Release|x86.Build.0 = Release|Any CPU
		{76E7F001-F26D-46E2-8B3B-889168131922}.Debug|Any CPU.ActiveCfg = Debug|Any CPU
		{76E7F001-F26D-46E2-8B3B-889168131922}.Debug|Any CPU.Build.0 = Debug|Any CPU
		{76E7F001-F26D-46E2-8B3B-889168131922}.Debug|x64.ActiveCfg = Debug|Any CPU
		{76E7F001-F26D-46E2-8B3B-889168131922}.Debug|x64.Build.0 = Debug|Any CPU
		{76E7F001-F26D-46E2-8B3B-889168131922}.Debug|x86.ActiveCfg = Debug|Any CPU
		{76E7F001-F26D-46E2-8B3B-889168131922}.Debug|x86.Build.0 = Debug|Any CPU
		{76E7F001-F26D-46E2-8B3B-889168131922}.Release|Any CPU.ActiveCfg = Release|Any CPU
		{76E7F001-F26D-46E2-8B3B-889168131922}.Release|Any CPU.Build.0 = Release|Any CPU
		{76E7F001-F26D-46E2-8B3B-889168131922}.Release|x64.ActiveCfg = Release|Any CPU
		{76E7F001-F26D-46E2-8B3B-889168131922}.Release|x64.Build.0 = Release|Any CPU
		{76E7F001-F26D-46E2-8B3B-889168131922}.Release|x86.ActiveCfg = Release|Any CPU
		{76E7F001-F26D-46E2-8B3B-889168131922}.Release|x86.Build.0 = Release|Any CPU
	EndGlobalSection
	GlobalSection(SolutionProperties) = preSolution
		HideSolutionNode = FALSE
	EndGlobalSection
	GlobalSection(ExtensibilityGlobals) = postSolution
		SolutionGuid = {E1C4830A-08A1-4B86-AD08-956290832582}
	EndGlobalSection
EndGlobal
